// !$*UTF8*$!
{
	archiveVersion = 1;
	classes = {
	};
	objectVersion = 46;
	objects = {

/* Begin PBXBuildFile section */
		1A0AE6451D92411C00CFAC4F /* SettingsViewController.swift in Sources */ = {isa = PBXBuildFile; fileRef = 1A0AE6441D92411C00CFAC4F /* SettingsViewController.swift */; };
		1A0AE6471D92480200CFAC4F /* Constants.swift in Sources */ = {isa = PBXBuildFile; fileRef = 1A0AE6461D92480200CFAC4F /* Constants.swift */; };
		1A80B9FB1D91AF67000D1148 /* AppDelegate.swift in Sources */ = {isa = PBXBuildFile; fileRef = 1A80B9FA1D91AF67000D1148 /* AppDelegate.swift */; };
		1A80B9FD1D91AF67000D1148 /* ViewController.swift in Sources */ = {isa = PBXBuildFile; fileRef = 1A80B9FC1D91AF67000D1148 /* ViewController.swift */; };
		1A80BA001D91AF67000D1148 /* Main.storyboard in Resources */ = {isa = PBXBuildFile; fileRef = 1A80B9FE1D91AF67000D1148 /* Main.storyboard */; };
		1A80BA031D91AF67000D1148 /* TipCalculator.xcdatamodeld in Sources */ = {isa = PBXBuildFile; fileRef = 1A80BA011D91AF67000D1148 /* TipCalculator.xcdatamodeld */; };
		1A80BA051D91AF67000D1148 /* Assets.xcassets in Resources */ = {isa = PBXBuildFile; fileRef = 1A80BA041D91AF67000D1148 /* Assets.xcassets */; };
		1A80BA081D91AF67000D1148 /* LaunchScreen.storyboard in Resources */ = {isa = PBXBuildFile; fileRef = 1A80BA061D91AF67000D1148 /* LaunchScreen.storyboard */; };
		1A80BA131D91AF67000D1148 /* TipCalculatorTests.swift in Sources */ = {isa = PBXBuildFile; fileRef = 1A80BA121D91AF67000D1148 /* TipCalculatorTests.swift */; };
/* End PBXBuildFile section */

/* Begin PBXContainerItemProxy section */
		1A80BA0F1D91AF67000D1148 /* PBXContainerItemProxy */ = {
			isa = PBXContainerItemProxy;
			containerPortal = 1A80B9EF1D91AF67000D1148 /* Project object */;
			proxyType = 1;
			remoteGlobalIDString = 1A80B9F61D91AF67000D1148;
			remoteInfo = TipCalculator;
		};
/* End PBXContainerItemProxy section */

/* Begin PBXFileReference section */
		1A0AE6441D92411C00CFAC4F /* SettingsViewController.swift */ = {isa = PBXFileReference; fileEncoding = 4; lastKnownFileType = sourcecode.swift; path = SettingsViewController.swift; sourceTree = "<group>"; };
		1A0AE6461D92480200CFAC4F /* Constants.swift */ = {isa = PBXFileReference; fileEncoding = 4; lastKnownFileType = sourcecode.swift; path = Constants.swift; sourceTree = "<group>"; };
		1A80B9F71D91AF67000D1148 /* TipCalculator.app */ = {isa = PBXFileReference; explicitFileType = wrapper.application; includeInIndex = 0; path = TipCalculator.app; sourceTree = BUILT_PRODUCTS_DIR; };
		1A80B9FA1D91AF67000D1148 /* AppDelegate.swift */ = {isa = PBXFileReference; lastKnownFileType = sourcecode.swift; path = AppDelegate.swift; sourceTree = "<group>"; };
		1A80B9FC1D91AF67000D1148 /* ViewController.swift */ = {isa = PBXFileReference; lastKnownFileType = sourcecode.swift; path = ViewController.swift; sourceTree = "<group>"; };
		1A80B9FF1D91AF67000D1148 /* Base */ = {isa = PBXFileReference; lastKnownFileType = file.storyboard; name = Base; path = Base.lproj/Main.storyboard; sourceTree = "<group>"; };
		1A80BA021D91AF67000D1148 /* TipCalculator.xcdatamodel */ = {isa = PBXFileReference; lastKnownFileType = wrapper.xcdatamodel; path = TipCalculator.xcdatamodel; sourceTree = "<group>"; };
		1A80BA041D91AF67000D1148 /* Assets.xcassets */ = {isa = PBXFileReference; lastKnownFileType = folder.assetcatalog; path = Assets.xcassets; sourceTree = "<group>"; };
		1A80BA071D91AF67000D1148 /* Base */ = {isa = PBXFileReference; lastKnownFileType = file.storyboard; name = Base; path = Base.lproj/LaunchScreen.storyboard; sourceTree = "<group>"; };
		1A80BA091D91AF67000D1148 /* Info.plist */ = {isa = PBXFileReference; lastKnownFileType = text.plist.xml; path = Info.plist; sourceTree = "<group>"; };
		1A80BA0E1D91AF67000D1148 /* TipCalculatorTests.xctest */ = {isa = PBXFileReference; explicitFileType = wrapper.cfbundle; includeInIndex = 0; path = TipCalculatorTests.xctest; sourceTree = BUILT_PRODUCTS_DIR; };
		1A80BA121D91AF67000D1148 /* TipCalculatorTests.swift */ = {isa = PBXFileReference; lastKnownFileType = sourcecode.swift; path = TipCalculatorTests.swift; sourceTree = "<group>"; };
		1A80BA141D91AF67000D1148 /* Info.plist */ = {isa = PBXFileReference; lastKnownFileType = text.plist.xml; path = Info.plist; sourceTree = "<group>"; };
/* End PBXFileReference section */

/* Begin PBXFrameworksBuildPhase section */
		1A80B9F41D91AF67000D1148 /* Frameworks */ = {
			isa = PBXFrameworksBuildPhase;
			buildActionMask = 2147483647;
			files = (
			);
			runOnlyForDeploymentPostprocessing = 0;
		};
		1A80BA0B1D91AF67000D1148 /* Frameworks */ = {
			isa = PBXFrameworksBuildPhase;
			buildActionMask = 2147483647;
			files = (
			);
			runOnlyForDeploymentPostprocessing = 0;
		};
/* End PBXFrameworksBuildPhase section */

/* Begin PBXGroup section */
		1A80B9EE1D91AF67000D1148 = {
			isa = PBXGroup;
			children = (
				1A80B9F91D91AF67000D1148 /* TipCalculator */,
				1A80BA111D91AF67000D1148 /* TipCalculatorTests */,
				1A80B9F81D91AF67000D1148 /* Products */,
			);
			sourceTree = "<group>";
		};
		1A80B9F81D91AF67000D1148 /* Products */ = {
			isa = PBXGroup;
			children = (
				1A80B9F71D91AF67000D1148 /* TipCalculator.app */,
				1A80BA0E1D91AF67000D1148 /* TipCalculatorTests.xctest */,
			);
			name = Products;
			sourceTree = "<group>";
		};
		1A80B9F91D91AF67000D1148 /* TipCalculator */ = {
			isa = PBXGroup;
			children = (
				1A80B9FA1D91AF67000D1148 /* AppDelegate.swift */,
				1A0AE6461D92480200CFAC4F /* Constants.swift */,
				1A80B9FC1D91AF67000D1148 /* ViewController.swift */,
				1A80B9FE1D91AF67000D1148 /* Main.storyboard */,
				1A0AE6441D92411C00CFAC4F /* SettingsViewController.swift */,
				1A80BA041D91AF67000D1148 /* Assets.xcassets */,
				1A80BA061D91AF67000D1148 /* LaunchScreen.storyboard */,
				1A80BA091D91AF67000D1148 /* Info.plist */,
				1A80BA011D91AF67000D1148 /* TipCalculator.xcdatamodeld */,
			);
			path = TipCalculator;
			sourceTree = "<group>";
		};
		1A80BA111D91AF67000D1148 /* TipCalculatorTests */ = {
			isa = PBXGroup;
			children = (
				1A80BA121D91AF67000D1148 /* TipCalculatorTests.swift */,
				1A80BA141D91AF67000D1148 /* Info.plist */,
			);
			path = TipCalculatorTests;
			sourceTree = "<group>";
		};
/* End PBXGroup section */

/* Begin PBXNativeTarget section */
		1A80B9F61D91AF67000D1148 /* TipCalculator */ = {
			isa = PBXNativeTarget;
			buildConfigurationList = 1A80BA171D91AF67000D1148 /* Build configuration list for PBXNativeTarget "TipCalculator" */;
			buildPhases = (
				1A80B9F31D91AF67000D1148 /* Sources */,
				1A80B9F41D91AF67000D1148 /* Frameworks */,
				1A80B9F51D91AF67000D1148 /* Resources */,
			);
			buildRules = (
			);
			dependencies = (
			);
			name = TipCalculator;
			productName = TipCalculator;
			productReference = 1A80B9F71D91AF67000D1148 /* TipCalculator.app */;
			productType = "com.apple.product-type.application";
		};
		1A80BA0D1D91AF67000D1148 /* TipCalculatorTests */ = {
			isa = PBXNativeTarget;
			buildConfigurationList = 1A80BA1A1D91AF67000D1148 /* Build configuration list for PBXNativeTarget "TipCalculatorTests" */;
			buildPhases = (
				1A80BA0A1D91AF67000D1148 /* Sources */,
				1A80BA0B1D91AF67000D1148 /* Frameworks */,
				1A80BA0C1D91AF67000D1148 /* Resources */,
			);
			buildRules = (
			);
			dependencies = (
				1A80BA101D91AF67000D1148 /* PBXTargetDependency */,
			);
			name = TipCalculatorTests;
			productName = TipCalculatorTests;
			productReference = 1A80BA0E1D91AF67000D1148 /* TipCalculatorTests.xctest */;
			productType = "com.apple.product-type.bundle.unit-test";
		};
/* End PBXNativeTarget section */

/* Begin PBXProject section */
		1A80B9EF1D91AF67000D1148 /* Project object */ = {
			isa = PBXProject;
			attributes = {
				LastSwiftUpdateCheck = 0730;
				LastUpgradeCheck = 0800;
				ORGANIZATIONNAME = "Zhia Chong";
				TargetAttributes = {
					1A80B9F61D91AF67000D1148 = {
						CreatedOnToolsVersion = 7.3.1;
						LastSwiftMigration = 0800;
					};
					1A80BA0D1D91AF67000D1148 = {
						CreatedOnToolsVersion = 7.3.1;
						LastSwiftMigration = 0800;
						TestTargetID = 1A80B9F61D91AF67000D1148;
					};
				};
			};
			buildConfigurationList = 1A80B9F21D91AF67000D1148 /* Build configuration list for PBXProject "TipCalculator" */;
			compatibilityVersion = "Xcode 3.2";
			developmentRegion = English;
			hasScannedForEncodings = 0;
			knownRegions = (
				en,
				Base,
			);
			mainGroup = 1A80B9EE1D91AF67000D1148;
			productRefGroup = 1A80B9F81D91AF67000D1148 /* Products */;
			projectDirPath = "";
			projectRoot = "";
			targets = (
				1A80B9F61D91AF67000D1148 /* TipCalculator */,
				1A80BA0D1D91AF67000D1148 /* TipCalculatorTests */,
			);
		};
/* End PBXProject section */

/* Begin PBXResourcesBuildPhase section */
		1A80B9F51D91AF67000D1148 /* Resources */ = {
			isa = PBXResourcesBuildPhase;
			buildActionMask = 2147483647;
			files = (
				1A80BA081D91AF67000D1148 /* LaunchScreen.storyboard in Resources */,
				1A80BA051D91AF67000D1148 /* Assets.xcassets in Resources */,
				1A80BA001D91AF67000D1148 /* Main.storyboard in Resources */,
			);
			runOnlyForDeploymentPostprocessing = 0;
		};
		1A80BA0C1D91AF67000D1148 /* Resources */ = {
			isa = PBXResourcesBuildPhase;
			buildActionMask = 2147483647;
			files = (
			);
			runOnlyForDeploymentPostprocessing = 0;
		};
/* End PBXResourcesBuildPhase section */

/* Begin PBXSourcesBuildPhase section */
		1A80B9F31D91AF67000D1148 /* Sources */ = {
			isa = PBXSourcesBuildPhase;
			buildActionMask = 2147483647;
			files = (
				1A0AE6471D92480200CFAC4F /* Constants.swift in Sources */,
				1A80BA031D91AF67000D1148 /* TipCalculator.xcdatamodeld in Sources */,
				1A80B9FD1D91AF67000D1148 /* ViewController.swift in Sources */,
				1A80B9FB1D91AF67000D1148 /* AppDelegate.swift in Sources */,
				1A0AE6451D92411C00CFAC4F /* SettingsViewController.swift in Sources */,
			);
			runOnlyForDeploymentPostprocessing = 0;
		};
		1A80BA0A1D91AF67000D1148 /* Sources */ = {
			isa = PBXSourcesBuildPhase;
			buildActionMask = 2147483647;
			files = (
				1A80BA131D91AF67000D1148 /* TipCalculatorTests.swift in Sources */,
			);
			runOnlyForDeploymentPostprocessing = 0;
		};
/* End PBXSourcesBuildPhase section */

/* Begin PBXTargetDependency section */
		1A80BA101D91AF67000D1148 /* PBXTargetDependency */ = {
			isa = PBXTargetDependency;
			target = 1A80B9F61D91AF67000D1148 /* TipCalculator */;
			targetProxy = 1A80BA0F1D91AF67000D1148 /* PBXContainerItemProxy */;
		};
/* End PBXTargetDependency section */

/* Begin PBXVariantGroup section */
		1A80B9FE1D91AF67000D1148 /* Main.storyboard */ = {
			isa = PBXVariantGroup;
			children = (
				1A80B9FF1D91AF67000D1148 /* Base */,
			);
			name = Main.storyboard;
			sourceTree = "<group>";
		};
		1A80BA061D91AF67000D1148 /* LaunchScreen.storyboard */ = {
			isa = PBXVariantGroup;
			children = (
				1A80BA071D91AF67000D1148 /* Base */,
			);
			name = LaunchScreen.storyboard;
			sourceTree = "<group>";
		};
/* End PBXVariantGroup section */

/* Begin XCBuildConfiguration section */
		1A80BA151D91AF67000D1148 /* Debug */ = {
			isa = XCBuildConfiguration;
			buildSettings = {
				ALWAYS_SEARCH_USER_PATHS = NO;
				CLANG_ANALYZER_NONNULL = YES;
				CLANG_CXX_LANGUAGE_STANDARD = "gnu++0x";
				CLANG_CXX_LIBRARY = "libc++";
				CLANG_ENABLE_MODULES = YES;
				CLANG_ENABLE_OBJC_ARC = YES;
				CLANG_WARN_BOOL_CONVERSION = YES;
				CLANG_WARN_CONSTANT_CONVERSION = YES;
				CLANG_WARN_DIRECT_OBJC_ISA_USAGE = YES_ERROR;
				CLANG_WARN_EMPTY_BODY = YES;
				CLANG_WARN_ENUM_CONVERSION = YES;
				CLANG_WARN_INFINITE_RECURSION = YES;
				CLANG_WARN_INT_CONVERSION = YES;
				CLANG_WARN_OBJC_ROOT_CLASS = YES_ERROR;
				CLANG_WARN_SUSPICIOUS_MOVE = YES;
				CLANG_WARN_UNREACHABLE_CODE = YES;
				CLANG_WARN__DUPLICATE_METHOD_MATCH = YES;
				"CODE_SIGN_IDENTITY[sdk=iphoneos*]" = "iPhone Developer";
				COPY_PHASE_STRIP = NO;
				DEBUG_INFORMATION_FORMAT = dwarf;
				ENABLE_STRICT_OBJC_MSGSEND = YES;
				ENABLE_TESTABILITY = YES;
				GCC_C_LANGUAGE_STANDARD = gnu99;
				GCC_DYNAMIC_NO_PIC = NO;
				GCC_NO_COMMON_BLOCKS = YES;
				GCC_OPTIMIZATION_LEVEL = 0;
				GCC_PREPROCESSOR_DEFINITIONS = (
					"DEBUG=1",
					"$(inherited)",
				);
				GCC_WARN_64_TO_32_BIT_CONVERSION = YES;
				GCC_WARN_ABOUT_RETURN_TYPE = YES_ERROR;
				GCC_WARN_UNDECLARED_SELECTOR = YES;
				GCC_WARN_UNINITIALIZED_AUTOS = YES_AGGRESSIVE;
				GCC_WARN_UNUSED_FUNCTION = YES;
				GCC_WARN_UNUSED_VARIABLE = YES;
				IPHONEOS_DEPLOYMENT_TARGET = 9.3;
				MTL_ENABLE_DEBUG_INFO = YES;
				ONLY_ACTIVE_ARCH = YES;
				SDKROOT = iphoneos;
				SWIFT_OPTIMIZATION_LEVEL = "-Onone";
			};
			name = Debug;
		};
		1A80BA161D91AF67000D1148 /* Release */ = {
			isa = XCBuildConfiguration;
			buildSettings = {
				ALWAYS_SEARCH_USER_PATHS = NO;
				CLANG_ANALYZER_NONNULL = YES;
				CLANG_CXX_LANGUAGE_STANDARD = "gnu++0x";
				CLANG_CXX_LIBRARY = "libc++";
				CLANG_ENABLE_MODULES = YES;
				CLANG_ENABLE_OBJC_ARC = YES;
				CLANG_WARN_BOOL_CONVERSION = YES;
				CLANG_WARN_CONSTANT_CONVERSION = YES;
				CLANG_WARN_DIRECT_OBJC_ISA_USAGE = YES_ERROR;
				CLANG_WARN_EMPTY_BODY = YES;
				CLANG_WARN_ENUM_CONVERSION = YES;
				CLANG_WARN_INFINITE_RECURSION = YES;
				CLANG_WARN_INT_CONVERSION = YES;
				CLANG_WARN_OBJC_ROOT_CLASS = YES_ERROR;
				CLANG_WARN_SUSPICIOUS_MOVE = YES;
				CLANG_WARN_UNREACHABLE_CODE = YES;
				CLANG_WARN__DUPLICATE_METHOD_MATCH = YES;
				"CODE_SIGN_IDENTITY[sdk=iphoneos*]" = "iPhone Developer";
				COPY_PHASE_STRIP = NO;
				DEBUG_INFORMATION_FORMAT = "dwarf-with-dsym";
				ENABLE_NS_ASSERTIONS = NO;
				ENABLE_STRICT_OBJC_MSGSEND = YES;
				GCC_C_LANGUAGE_STANDARD = gnu99;
				GCC_NO_COMMON_BLOCKS = YES;
				GCC_WARN_64_TO_32_BIT_CONVERSION = YES;
				GCC_WARN_ABOUT_RETURN_TYPE = YES_ERROR;
				GCC_WARN_UNDECLARED_SELECTOR = YES;
				GCC_WARN_UNINITIALIZED_AUTOS = YES_AGGRESSIVE;
				GCC_WARN_UNUSED_FUNCTION = YES;
				GCC_WARN_UNUSED_VARIABLE = YES;
				IPHONEOS_DEPLOYMENT_TARGET = 9.3;
				MTL_ENABLE_DEBUG_INFO = NO;
				SDKROOT = iphoneos;
				SWIFT_OPTIMIZATION_LEVEL = "-Owholemodule";
				VALIDATE_PRODUCT = YES;
			};
			name = Release;
		};
		1A80BA181D91AF67000D1148 /* Debug */ = {
			isa = XCBuildConfiguration;
			buildSettings = {
				ASSETCATALOG_COMPILER_APPICON_NAME = AppIcon;
				INFOPLIST_FILE = TipCalculator/Info.plist;
				LD_RUNPATH_SEARCH_PATHS = "$(inherited) @executable_path/Frameworks";
				PRODUCT_BUNDLE_IDENTIFIER = com.calculators.TipCalculator;
				PRODUCT_NAME = "$(TARGET_NAME)";
				SWIFT_VERSION = 3.0;
			};
			name = Debug;
		};
		1A80BA191D91AF67000D1148 /* Release */ = {
			isa = XCBuildConfiguration;
			buildSettings = {
				ASSETCATALOG_COMPILER_APPICON_NAME = AppIcon;
				INFOPLIST_FILE = TipCalculator/Info.plist;
				LD_RUNPATH_SEARCH_PATHS = "$(inherited) @executable_path/Frameworks";
				PRODUCT_BUNDLE_IDENTIFIER = com.calculators.TipCalculator;
				PRODUCT_NAME = "$(TARGET_NAME)";
				SWIFT_VERSION = 3.0;
			};
			name = Release;
		};
		1A80BA1B1D91AF67000D1148 /* Debug */ = {
			isa = XCBuildConfiguration;
			buildSettings = {
				BUNDLE_LOADER = "$(TEST_HOST)";
				INFOPLIST_FILE = TipCalculatorTests/Info.plist;
				LD_RUNPATH_SEARCH_PATHS = "$(inherited) @executable_path/Frameworks @loader_path/Frameworks";
				PRODUCT_BUNDLE_IDENTIFIER = com.calculators.TipCalculatorTests;
				PRODUCT_NAME = "$(TARGET_NAME)";
				SWIFT_VERSION = 3.0;
				TEST_HOST = "$(BUILT_PRODUCTS_DIR)/TipCalculator.app/TipCalculator";
			};
			name = Debug;
		};
		1A80BA1C1D91AF67000D1148 /* Release */ = {
			isa = XCBuildConfiguration;
			buildSettings = {
				BUNDLE_LOADER = "$(TEST_HOST)";
				INFOPLIST_FILE = TipCalculatorTests/Info.plist;
				LD_RUNPATH_SEARCH_PATHS = "$(inherited) @executable_path/Frameworks @loader_path/Frameworks";
				PRODUCT_BUNDLE_IDENTIFIER = com.calculators.TipCalculatorTests;
				PRODUCT_NAME = "$(TARGET_NAME)";
				SWIFT_VERSION = 3.0;
				TEST_HOST = "$(BUILT_PRODUCTS_DIR)/TipCalculator.app/TipCalculator";
			};
			name = Release;
		};
/* End XCBuildConfiguration section */

/* Begin XCConfigurationList section */
		1A80B9F21D91AF67000D1148 /* Build configuration list for PBXProject "TipCalculator" */ = {
			isa = XCConfigurationList;
			buildConfigurations = (
				1A80BA151D91AF67000D1148 /* Debug */,
				1A80BA161D91AF67000D1148 /* Release */,
			);
			defaultConfigurationIsVisible = 0;
			defaultConfigurationName = Release;
		};
		1A80BA171D91AF67000D1148 /* Build configuration list for PBXNativeTarget "TipCalculator" */ = {
			isa = XCConfigurationList;
			buildConfigurations = (
				1A80BA181D91AF67000D1148 /* Debug */,
				1A80BA191D91AF67000D1148 /* Release */,
			);
			defaultConfigurationIsVisible = 0;
			defaultConfigurationName = Release;
		};
		1A80BA1A1D91AF67000D1148 /* Build configuration list for PBXNativeTarget "TipCalculatorTests" */ = {
			isa = XCConfigurationList;
			buildConfigurations = (
				1A80BA1B1D91AF67000D1148 /* Debug */,
				1A80BA1C1D91AF67000D1148 /* Release */,
			);
			defaultConfigurationIsVisible = 0;
			defaultConfigurationName = Release;
		};
/* End XCConfigurationList section */

/* Begin XCVersionGroup section */
		1A80BA011D91AF67000D1148 /* TipCalculator.xcdatamodeld */ = {
			isa = XCVersionGroup;
			children = (
				1A80BA021D91AF67000D1148 /* TipCalculator.xcdatamodel */,
			);
			currentVersion = 1A80BA021D91AF67000D1148 /* TipCalculator.xcdatamodel */;
			path = TipCalculator.xcdatamodeld;
			sourceTree = "<group>";
			versionGroupType = wrapper.xcdatamodel;
		};
/* End XCVersionGroup section */
	};
	rootObject = 1A80B9EF1D91AF67000D1148 /* Project object */;
}
